
Microsoft Visual Studio Solution File, Format Version 12.00
# Visual Studio Version 16
VisualStudioVersion = 16.0.31911.196
MinimumVisualStudioVersion = 10.0.40219.1
Project("{FAE04EC0-301F-11D3-BF4B-00C04F79EFBC}") = "Klasterlash_IA", "Klasterlash_IA\Klasterlash_IA.csproj", "{F5DF5B95-2912-4EED-86CB-D0CB2317CFE4}"
EndProject
Global
	GlobalSection(SolutionConfigurationPlatforms) = preSolution
		Debug|Any CPU = Debug|Any CPU
		Release|Any CPU = Release|Any CPU
	EndGlobalSection
	GlobalSection(ProjectConfigurationPlatforms) = postSolution
		{F5DF5B95-2912-4EED-86CB-D0CB2317CFE4}.Debug|Any CPU.ActiveCfg = Debug|Any CPU
		{F5DF5B95-2912-4EED-86CB-D0CB2317CFE4}.Debug|Any CPU.Build.0 = Debug|Any CPU
		{F5DF5B95-2912-4EED-86CB-D0CB2317CFE4}.Release|Any CPU.ActiveCfg = Release|Any CPU
		{F5DF5B95-2912-4EED-86CB-D0CB2317CFE4}.Release|Any CPU.Build.0 = Release|Any CPU
	EndGlobalSection
	GlobalSection(SolutionProperties) = preSolution
		HideSolutionNode = FALSE
	EndGlobalSection
	GlobalSection(ExtensibilityGlobals) = postSolution
		SolutionGuid = {E3F078A8-1A53-4460-B2E8-82FEA78B79D0}
	EndGlobalSection
EndGlobal
